// !$*UTF8*$!
{
	archiveVersion = 1;
	classes = {
	};
	objectVersion = 48;
	objects = {

/* Begin PBXBuildFile section */
		CA118A81204DDE4E00CC7C74 /* AppDelegate.swift in Sources */ = {isa = PBXBuildFile; fileRef = CA118A80204DDE4E00CC7C74 /* AppDelegate.swift */; };
		CA118A83204DDE4E00CC7C74 /* ViewController.swift in Sources */ = {isa = PBXBuildFile; fileRef = CA118A82204DDE4E00CC7C74 /* ViewController.swift */; };
		CA118A86204DDE4E00CC7C74 /* Main.storyboard in Resources */ = {isa = PBXBuildFile; fileRef = CA118A84204DDE4E00CC7C74 /* Main.storyboard */; };
		CA118A88204DDE4E00CC7C74 /* Assets.xcassets in Resources */ = {isa = PBXBuildFile; fileRef = CA118A87204DDE4E00CC7C74 /* Assets.xcassets */; };
		CA118A8B204DDE4E00CC7C74 /* LaunchScreen.storyboard in Resources */ = {isa = PBXBuildFile; fileRef = CA118A89204DDE4E00CC7C74 /* LaunchScreen.storyboard */; };
/* End PBXBuildFile section */

/* Begin PBXFileReference section */
		CA118A7D204DDE4E00CC7C74 /* currency convert.app */ = {isa = PBXFileReference; explicitFileType = wrapper.application; includeInIndex = 0; path = "currency convert.app"; sourceTree = BUILT_PRODUCTS_DIR; };
		CA118A80204DDE4E00CC7C74 /* AppDelegate.swift */ = {isa = PBXFileReference; lastKnownFileType = sourcecode.swift; path = AppDelegate.swift; sourceTree = "<group>"; };
		CA118A82204DDE4E00CC7C74 /* ViewController.swift */ = {isa = PBXFileReference; lastKnownFileType = sourcecode.swift; path = ViewController.swift; sourceTree = "<group>"; };
		CA118A85204DDE4E00CC7C74 /* Base */ = {isa = PBXFileReference; lastKnownFileType = file.storyboard; name = Base; path = Base.lproj/Main.storyboard; sourceTree = "<group>"; };
		CA118A87204DDE4E00CC7C74 /* Assets.xcassets */ = {isa = PBXFileReference; lastKnownFileType = folder.assetcatalog; path = Assets.xcassets; sourceTree = "<group>"; };
		CA118A8A204DDE4E00CC7C74 /* Base */ = {isa = PBXFileReference; lastKnownFileType = file.storyboard; name = Base; path = Base.lproj/LaunchScreen.storyboard; sourceTree = "<group>"; };
		CA118A8C204DDE4E00CC7C74 /* Info.plist */ = {isa = PBXFileReference; lastKnownFileType = text.plist.xml; path = Info.plist; sourceTree = "<group>"; };
/* End PBXFileReference section */

/* Begin PBXFrameworksBuildPhase section */
		CA118A7A204DDE4E00CC7C74 /* Frameworks */ = {
			isa = PBXFrameworksBuildPhase;
			buildActionMask = 2147483647;
			files = (
			);
			runOnlyForDeploymentPostprocessing = 0;
		};
/* End PBXFrameworksBuildPhase section */

/* Begin PBXGroup section */
		CA118A74204DDE4E00CC7C74 = {
			isa = PBXGroup;
			children = (
				CA118A7F204DDE4E00CC7C74 /* currency convert */,
				CA118A7E204DDE4E00CC7C74 /* Products */,
			);
			sourceTree = "<group>";
		};
		CA118A7E204DDE4E00CC7C74 /* Products */ = {
			isa = PBXGroup;
			children = (
				CA118A7D204DDE4E00CC7C74 /* currency convert.app */,
			);
			name = Products;
			sourceTree = "<group>";
		};
		CA118A7F204DDE4E00CC7C74 /* currency convert */ = {
			isa = PBXGroup;
			children = (
				CA118A80204DDE4E00CC7C74 /* AppDelegate.swift */,
				CA118A82204DDE4E00CC7C74 /* ViewController.swift */,
				CA118A84204DDE4E00CC7C74 /* Main.storyboard */,
				CA118A87204DDE4E00CC7C74 /* Assets.xcassets */,
				CA118A89204DDE4E00CC7C74 /* LaunchScreen.storyboard */,
				CA118A8C204DDE4E00CC7C74 /* Info.plist */,
			);
			path = "currency convert";
			sourceTree = "<group>";
		};
/* End PBXGroup section */

/* Begin PBXNativeTarget section */
		CA118A7C204DDE4E00CC7C74 /* currency convert */ = {
			isa = PBXNativeTarget;
			buildConfigurationList = CA118A8F204DDE4E00CC7C74 /* Build configuration list for PBXNativeTarget "currency convert" */;
			buildPhases = (
				CA118A79204DDE4E00CC7C74 /* Sources */,
				CA118A7A204DDE4E00CC7C74 /* Frameworks */,
				CA118A7B204DDE4E00CC7C74 /* Resources */,
			);
			buildRules = (
			);
			dependencies = (
			);
			name = "currency convert";
			productName = "currency convert";
			productReference = CA118A7D204DDE4E00CC7C74 /* currency convert.app */;
			productType = "com.apple.product-type.application";
		};
/* End PBXNativeTarget section */

/* Begin PBXProject section */
		CA118A75204DDE4E00CC7C74 /* Project object */ = {
			isa = PBXProject;
			attributes = {
				LastSwiftUpdateCheck = 0920;
				LastUpgradeCheck = 0920;
				ORGANIZATIONNAME = "Xing Liu";
				TargetAttributes = {
					CA118A7C204DDE4E00CC7C74 = {
						CreatedOnToolsVersion = 9.2;
						ProvisioningStyle = Automatic;
					};
				};
			};
			buildConfigurationList = CA118A78204DDE4E00CC7C74 /* Build configuration list for PBXProject "currency convert" */;
			compatibilityVersion = "Xcode 8.0";
			developmentRegion = en;
			hasScannedForEncodings = 0;
			knownRegions = (
				en,
				Base,
			);
			mainGroup = CA118A74204DDE4E00CC7C74;
			productRefGroup = CA118A7E204DDE4E00CC7C74 /* Products */;
			projectDirPath = "";
			projectRoot = "";
			targets = (
				CA118A7C204DDE4E00CC7C74 /* currency convert */,
			);
		};
/* End PBXProject section */

/* Begin PBXResourcesBuildPhase section */
		CA118A7B204DDE4E00CC7C74 /* Resources */ = {
			isa = PBXResourcesBuildPhase;
			buildActionMask = 2147483647;
			files = (
				CA118A8B204DDE4E00CC7C74 /* LaunchScreen.storyboard in Resources */,
				CA118A88204DDE4E00CC7C74 /* Assets.xcassets in Resources */,
				CA118A86204DDE4E00CC7C74 /* Main.storyboard in Resources */,
			);
			runOnlyForDeploymentPostprocessing = 0;
		};
/* End PBXResourcesBuildPhase section */

/* Begin PBXSourcesBuildPhase section */
		CA118A79204DDE4E00CC7C74 /* Sources */ = {
			isa = PBXSourcesBuildPhase;
			buildActionMask = 2147483647;
			files = (
				CA118A83204DDE4E00CC7C74 /* ViewController.swift in Sources */,
				CA118A81204DDE4E00CC7C74 /* AppDelegate.swift in Sources */,
			);
			runOnlyForDeploymentPostprocessing = 0;
		};
/* End PBXSourcesBuildPhase section */

/* Begin PBXVariantGroup section */
		CA118A84204DDE4E00CC7C74 /* Main.storyboard */ = {
			isa = PBXVariantGroup;
			children = (
				CA118A85204DDE4E00CC7C74 /* Base */,
			);
			name = Main.storyboard;
			sourceTree = "<group>";
		};
		CA118A89204DDE4E00CC7C74 /* LaunchScreen.storyboard */ = {
			isa = PBXVariantGroup;
			children = (
				CA118A8A204DDE4E00CC7C74 /* Base */,
			);
			name = LaunchScreen.storyboard;
			sourceTree = "<group>";
		};
/* End PBXVariantGroup section */

/* Begin XCBuildConfiguration section */
		CA118A8D204DDE4E00CC7C74 /* Debug */ = {
			isa = XCBuildConfiguration;
			buildSettings = {
				ALWAYS_SEARCH_USER_PATHS = NO;
				CLANG_ANALYZER_NONNULL = YES;
				CLANG_ANALYZER_NUMBER_OBJECT_CONVERSION = YES_AGGRESSIVE;
				CLANG_CXX_LANGUAGE_STANDARD = "gnu++14";
				CLANG_CXX_LIBRARY = "libc++";
				CLANG_ENABLE_MODULES = YES;
				CLANG_ENABLE_OBJC_ARC = YES;
				CLANG_WARN_BLOCK_CAPTURE_AUTORELEASING = YES;
				CLANG_WARN_BOOL_CONVERSION = YES;
				CLANG_WARN_COMMA = YES;
				CLANG_WARN_CONSTANT_CONVERSION = YES;
				CLANG_WARN_DIRECT_OBJC_ISA_USAGE = YES_ERROR;
				CLANG_WARN_DOCUMENTATION_COMMENTS = YES;
				CLANG_WARN_EMPTY_BODY = YES;
				CLANG_WARN_ENUM_CONVERSION = YES;
				CLANG_WARN_INFINITE_RECURSION = YES;
				CLANG_WARN_INT_CONVERSION = YES;
				CLANG_WARN_NON_LITERAL_NULL_CONVERSION = YES;
				CLANG_WARN_OBJC_LITERAL_CONVERSION = YES;
				CLANG_WARN_OBJC_ROOT_CLASS = YES_ERROR;
				CLANG_WARN_RANGE_LOOP_ANALYSIS = YES;
				CLANG_WARN_STRICT_PROTOTYPES = YES;
				CLANG_WARN_SUSPICIOUS_MOVE = YES;
				CLANG_WARN_UNGUARDED_AVAILABILITY = YES_AGGRESSIVE;
				CLANG_WARN_UNREACHABLE_CODE = YES;
				CLANG_WARN__DUPLICATE_METHOD_MATCH = YES;
				CODE_SIGN_IDENTITY = "iPhone Developer";
				COPY_PHASE_STRIP = NO;
				DEBUG_INFORMATION_FORMAT = dwarf;
				ENABLE_STRICT_OBJC_MSGSEND = YES;
				ENABLE_TESTABILITY = YES;
				GCC_C_LANGUAGE_STANDARD = gnu11;
				GCC_DYNAMIC_NO_PIC = NO;
				GCC_NO_COMMON_BLOCKS = YES;
				GCC_OPTIMIZATION_LEVEL = 0;
				GCC_PREPROCESSOR_DEFINITIONS = (
					"DEBUG=1",
					"$(inherited)",
				);
				GCC_WARN_64_TO_32_BIT_CONVERSION = YES;
				GCC_WARN_ABOUT_RETURN_TYPE = YES_ERROR;
				GCC_WARN_UNDECLARED_SELECTOR = YES;
				GCC_WARN_UNINITIALIZED_AUTOS = YES_AGGRESSIVE;
				GCC_WARN_UNUSED_FUNCTION = YES;
				GCC_WARN_UNUSED_VARIABLE = YES;
				IPHONEOS_DEPLOYMENT_TARGET = 11.2;
				MTL_ENABLE_DEBUG_INFO = YES;
				ONLY_ACTIVE_ARCH = YES;
				SDKROOT = iphoneos;
				SWIFT_ACTIVE_COMPILATION_CONDITIONS = DEBUG;
				SWIFT_OPTIMIZATION_LEVEL = "-Onone";
			};
			name = Debug;
		};
		CA118A8E204DDE4E00CC7C74 /* Release */ = {
			isa = XCBuildConfiguration;
			buildSettings = {
				ALWAYS_SEARCH_USER_PATHS = NO;
				CLANG_ANALYZER_NONNULL = YES;
				CLANG_ANALYZER_NUMBER_OBJECT_CONVERSION = YES_AGGRESSIVE;
				CLANG_CXX_LANGUAGE_STANDARD = "gnu++14";
				CLANG_CXX_LIBRARY = "libc++";
				CLANG_ENABLE_MODULES = YES;
				CLANG_ENABLE_OBJC_ARC = YES;
				CLANG_WARN_BLOCK_CAPTURE_AUTORELEASING = YES;
				CLANG_WARN_BOOL_CONVERSION = YES;
				CLANG_WARN_COMMA = YES;
				CLANG_WARN_CONSTANT_CONVERSION = YES;
				CLANG_WARN_DIRECT_OBJC_ISA_USAGE = YES_ERROR;
				CLANG_WARN_DOCUMENTATION_COMMENTS = YES;
				CLANG_WARN_EMPTY_BODY = YES;
				CLANG_WARN_ENUM_CONVERSION = YES;
				CLANG_WARN_INFINITE_RECURSION = YES;
				CLANG_WARN_INT_CONVERSION = YES;
				CLANG_WARN_NON_LITERAL_NULL_CONVERSION = YES;
				CLANG_WARN_OBJC_LITERAL_CONVERSION = YES;
				CLANG_WARN_OBJC_ROOT_CLASS = YES_ERROR;
				CLANG_WARN_RANGE_LOOP_ANALYSIS = YES;
				CLANG_WARN_STRICT_PROTOTYPES = YES;
				CLANG_WARN_SUSPICIOUS_MOVE = YES;
				CLANG_WARN_UNGUARDED_AVAILABILITY = YES_AGGRESSIVE;
				CLANG_WARN_UNREACHABLE_CODE = YES;
				CLANG_WARN__DUPLICATE_METHOD_MATCH = YES;
				CODE_SIGN_IDENTITY = "iPhone Developer";
				COPY_PHASE_STRIP = NO;
				DEBUG_INFORMATION_FORMAT = "dwarf-with-dsym";
				ENABLE_NS_ASSERTIONS = NO;
				ENABLE_STRICT_OBJC_MSGSEND = YES;
				GCC_C_LANGUAGE_STANDARD = gnu11;
				GCC_NO_COMMON_BLOCKS = YES;
				GCC_WARN_64_TO_32_BIT_CONVERSION = YES;
				GCC_WARN_ABOUT_RETURN_TYPE = YES_ERROR;
				GCC_WARN_UNDECLARED_SELECTOR = YES;
				GCC_WARN_UNINITIALIZED_AUTOS = YES_AGGRESSIVE;
				GCC_WARN_UNUSED_FUNCTION = YES;
				GCC_WARN_UNUSED_VARIABLE = YES;
				IPHONEOS_DEPLOYMENT_TARGET = 11.2;
				MTL_ENABLE_DEBUG_INFO = NO;
				SDKROOT = iphoneos;
				SWIFT_OPTIMIZATION_LEVEL = "-Owholemodule";
				VALIDATE_PRODUCT = YES;
			};
			name = Release;
		};
		CA118A90204DDE4E00CC7C74 /* Debug */ = {
			isa = XCBuildConfiguration;
			buildSettings = {
				ASSETCATALOG_COMPILER_APPICON_NAME = AppIcon;
				CODE_SIGN_STYLE = Automatic;
				DEVELOPMENT_TEAM = 5AEN74CAEL;
				INFOPLIST_FILE = "currency convert/Info.plist";
				LD_RUNPATH_SEARCH_PATHS = "$(inherited) @executable_path/Frameworks";
				PRODUCT_BUNDLE_IDENTIFIER = "Xing-Liu.currency-convert";
				PRODUCT_NAME = "$(TARGET_NAME)";
				SWIFT_VERSION = 4.0;
				TARGETED_DEVICE_FAMILY = "1,2";
			};
			name = Debug;
		};
		CA118A91204DDE4E00CC7C74 /* Release */ = {
			isa = XCBuildConfiguration;
			buildSettings = {
				ASSETCATALOG_COMPILER_APPICON_NAME = AppIcon;
				CODE_SIGN_STYLE = Automatic;
				DEVELOPMENT_TEAM = 5AEN74CAEL;
				INFOPLIST_FILE = "currency convert/Info.plist";
				LD_RUNPATH_SEARCH_PATHS = "$(inherited) @executable_path/Frameworks";
				PRODUCT_BUNDLE_IDENTIFIER = "Xing-Liu.currency-convert";
				PRODUCT_NAME = "$(TARGET_NAME)";
				SWIFT_VERSION = 4.0;
				TARGETED_DEVICE_FAMILY = "1,2";
			};
			name = Release;
		};
/* End XCBuildConfiguration section */

/* Begin XCConfigurationList section */
		CA118A78204DDE4E00CC7C74 /* Build configuration list for PBXProject "currency convert" */ = {
			isa = XCConfigurationList;
			buildConfigurations = (
				CA118A8D204DDE4E00CC7C74 /* Debug */,
				CA118A8E204DDE4E00CC7C74 /* Release */,
			);
			defaultConfigurationIsVisible = 0;
			defaultConfigurationName = Release;
		};
		CA118A8F204DDE4E00CC7C74 /* Build configuration list for PBXNativeTarget "currency convert" */ = {
			isa = XCConfigurationList;
			buildConfigurations = (
				CA118A90204DDE4E00CC7C74 /* Debug */,
				CA118A91204DDE4E00CC7C74 /* Release */,
			);
			defaultConfigurationIsVisible = 0;
			defaultConfigurationName = Release;
		};
/* End XCConfigurationList section */
	};
	rootObject = CA118A75204DDE4E00CC7C74 /* Project object */;
}
